
Microsoft Visual Studio Solution File, Format Version 12.00
# Visual Studio Version 16
VisualStudioVersion = 16.0.32413.511
MinimumVisualStudioVersion = 10.0.40219.1
Project("{F184B08F-C81C-45F6-A57F-5ABD9991F28F}") = "ProyectoAuditoria", "ProyectoAuditoria.vbproj", "{B4DAD268-B456-4310-8DA4-3F859DD1D324}"
EndProject
Global
	GlobalSection(SolutionConfigurationPlatforms) = preSolution
		Debug|Any CPU = Debug|Any CPU
		Release|Any CPU = Release|Any CPU
	EndGlobalSection
	GlobalSection(ProjectConfigurationPlatforms) = postSolution
		{B4DAD268-B456-4310-8DA4-3F859DD1D324}.Debug|Any CPU.ActiveCfg = Debug|Any CPU
		{B4DAD268-B456-4310-8DA4-3F859DD1D324}.Debug|Any CPU.Build.0 = Debug|Any CPU
		{B4DAD268-B456-4310-8DA4-3F859DD1D324}.Release|Any CPU.ActiveCfg = Release|Any CPU
		{B4DAD268-B456-4310-8DA4-3F859DD1D324}.Release|Any CPU.Build.0 = Release|Any CPU
	EndGlobalSection
	GlobalSection(SolutionProperties) = preSolution
		HideSolutionNode = FALSE
	EndGlobalSection
	GlobalSection(ExtensibilityGlobals) = postSolution
		SolutionGuid = {B62AE0EC-0572-4541-9209-F3AAA341D84D}
	EndGlobalSection
EndGlobal
